
Microsoft Visual Studio Solution File, Format Version 12.00
# Visual Studio Version 17
VisualStudioVersion = 17.11.35327.3
MinimumVisualStudioVersion = 10.0.40219.1
Project("{FAE04EC0-301F-11D3-BF4B-00C04F79EFBC}") = "Receive", "Receive\Receive.csproj", "{A386E4A2-27A1-4C2A-9713-A5C4666005B9}"
EndProject
Global
	GlobalSection(SolutionConfigurationPlatforms) = preSolution
		Debug|Any CPU = Debug|Any CPU
		Release|Any CPU = Release|Any CPU
	EndGlobalSection
	GlobalSection(ProjectConfigurationPlatforms) = postSolution
		{A386E4A2-27A1-4C2A-9713-A5C4666005B9}.Debug|Any CPU.ActiveCfg = Debug|Any CPU
		{A386E4A2-27A1-4C2A-9713-A5C4666005B9}.Debug|Any CPU.Build.0 = Debug|Any CPU
		{A386E4A2-27A1-4C2A-9713-A5C4666005B9}.Release|Any CPU.ActiveCfg = Release|Any CPU
		{A386E4A2-27A1-4C2A-9713-A5C4666005B9}.Release|Any CPU.Build.0 = Release|Any CPU
	EndGlobalSection
	GlobalSection(SolutionProperties) = preSolution
		HideSolutionNode = FALSE
	EndGlobalSection
	GlobalSection(ExtensibilityGlobals) = postSolution
		SolutionGuid = {F372BD9D-1FE3-4F85-8F02-9C1CBD1EC655}
	EndGlobalSection
EndGlobal
